
Microsoft Visual Studio Solution File, Format Version 12.00
# Visual Studio Version 17
VisualStudioVersion = 17.0.31903.59
MinimumVisualStudioVersion = 10.0.40219.1
Project("{FAE04EC0-301F-11D3-BF4B-00C04F79EFBC}") = "SERVER.CORE", "SERVER.CORE\SERVER.CORE.csproj", "{963EBBC4-012D-4E2C-9276-D54F2F2C6855}"
EndProject
Project("{FAE04EC0-301F-11D3-BF4B-00C04F79EFBC}") = "SERVER.INFRASTRUCTURE", "SERVER.INFRASTRUCTURE\SERVER.INFRASTRUCTURE.csproj", "{FB46B315-1A5C-450A-9807-C88A0AB7EB5C}"
EndProject
Project("{FAE04EC0-301F-11D3-BF4B-00C04F79EFBC}") = "SERVER.APPLICATION", "SERVER.APPLICATION\SERVER.APPLICATION.csproj", "{96E15777-BD8F-40CF-B9C6-A9372451AB52}"
EndProject
Project("{FAE04EC0-301F-11D3-BF4B-00C04F79EFBC}") = "SERVER.API", "SERVER.API\SERVER.API.csproj", "{99CCEF2E-4099-4F87-9B02-CE1F9CB5E7B7}"
EndProject
Project("{FAE04EC0-301F-11D3-BF4B-00C04F79EFBC}") = "SERVER.LOGGING", "SERVER.LOGGING\SERVER.LOGGING.csproj", "{4BD52236-9402-4EA0-BB06-8E3CFC8D1EA0}"
EndProject
Project("{FAE04EC0-301F-11D3-BF4B-00C04F79EFBC}") = "SERVER.UTIL", "SERVER.UTIL\SERVER.UTIL.csproj", "{22A438E5-68AF-4F0E-8C86-0D7FB6D35D56}"
EndProject
Project("{FAE04EC0-301F-11D3-BF4B-00C04F79EFBC}") = "SERVER.QUERY", "SERVER.QUERY\SERVER.QUERY.csproj", "{C995FFDD-75E3-4CD4-9128-AE23AB90EC79}"
EndProject
Global
	GlobalSection(SolutionConfigurationPlatforms) = preSolution
		Debug|Any CPU = Debug|Any CPU
		Release|Any CPU = Release|Any CPU
	EndGlobalSection
	GlobalSection(SolutionProperties) = preSolution
		HideSolutionNode = FALSE
	EndGlobalSection
	GlobalSection(ProjectConfigurationPlatforms) = postSolution
		{963EBBC4-012D-4E2C-9276-D54F2F2C6855}.Debug|Any CPU.ActiveCfg = Debug|Any CPU
		{963EBBC4-012D-4E2C-9276-D54F2F2C6855}.Debug|Any CPU.Build.0 = Debug|Any CPU
		{963EBBC4-012D-4E2C-9276-D54F2F2C6855}.Release|Any CPU.ActiveCfg = Release|Any CPU
		{963EBBC4-012D-4E2C-9276-D54F2F2C6855}.Release|Any CPU.Build.0 = Release|Any CPU
		{FB46B315-1A5C-450A-9807-C88A0AB7EB5C}.Debug|Any CPU.ActiveCfg = Debug|Any CPU
		{FB46B315-1A5C-450A-9807-C88A0AB7EB5C}.Debug|Any CPU.Build.0 = Debug|Any CPU
		{FB46B315-1A5C-450A-9807-C88A0AB7EB5C}.Release|Any CPU.ActiveCfg = Release|Any CPU
		{FB46B315-1A5C-450A-9807-C88A0AB7EB5C}.Release|Any CPU.Build.0 = Release|Any CPU
		{96E15777-BD8F-40CF-B9C6-A9372451AB52}.Debug|Any CPU.ActiveCfg = Debug|Any CPU
		{96E15777-BD8F-40CF-B9C6-A9372451AB52}.Debug|Any CPU.Build.0 = Debug|Any CPU
		{96E15777-BD8F-40CF-B9C6-A9372451AB52}.Release|Any CPU.ActiveCfg = Release|Any CPU
		{96E15777-BD8F-40CF-B9C6-A9372451AB52}.Release|Any CPU.Build.0 = Release|Any CPU
		{99CCEF2E-4099-4F87-9B02-CE1F9CB5E7B7}.Debug|Any CPU.ActiveCfg = Debug|Any CPU
		{99CCEF2E-4099-4F87-9B02-CE1F9CB5E7B7}.Debug|Any CPU.Build.0 = Debug|Any CPU
		{99CCEF2E-4099-4F87-9B02-CE1F9CB5E7B7}.Release|Any CPU.ActiveCfg = Release|Any CPU
		{99CCEF2E-4099-4F87-9B02-CE1F9CB5E7B7}.Release|Any CPU.Build.0 = Release|Any CPU
		{4BD52236-9402-4EA0-BB06-8E3CFC8D1EA0}.Debug|Any CPU.ActiveCfg = Debug|Any CPU
		{4BD52236-9402-4EA0-BB06-8E3CFC8D1EA0}.Debug|Any CPU.Build.0 = Debug|Any CPU
		{4BD52236-9402-4EA0-BB06-8E3CFC8D1EA0}.Release|Any CPU.ActiveCfg = Release|Any CPU
		{4BD52236-9402-4EA0-BB06-8E3CFC8D1EA0}.Release|Any CPU.Build.0 = Release|Any CPU
		{22A438E5-68AF-4F0E-8C86-0D7FB6D35D56}.Debug|Any CPU.ActiveCfg = Debug|Any CPU
		{22A438E5-68AF-4F0E-8C86-0D7FB6D35D56}.Debug|Any CPU.Build.0 = Debug|Any CPU
		{22A438E5-68AF-4F0E-8C86-0D7FB6D35D56}.Release|Any CPU.ActiveCfg = Release|Any CPU
		{22A438E5-68AF-4F0E-8C86-0D7FB6D35D56}.Release|Any CPU.Build.0 = Release|Any CPU
		{C995FFDD-75E3-4CD4-9128-AE23AB90EC79}.Debug|Any CPU.ActiveCfg = Debug|Any CPU
		{C995FFDD-75E3-4CD4-9128-AE23AB90EC79}.Debug|Any CPU.Build.0 = Debug|Any CPU
		{C995FFDD-75E3-4CD4-9128-AE23AB90EC79}.Release|Any CPU.ActiveCfg = Release|Any CPU
		{C995FFDD-75E3-4CD4-9128-AE23AB90EC79}.Release|Any CPU.Build.0 = Release|Any CPU
	EndGlobalSection
EndGlobal
